
Microsoft Visual Studio Solution File, Format Version 12.00
# Visual Studio Version 16
VisualStudioVersion = 16.0.29424.173
MinimumVisualStudioVersion = 10.0.40219.1
Project("{FAE04EC0-301F-11D3-BF4B-00C04F79EFBC}") = "QCoreLib", "QCoreLib\QCoreLib.csproj", "{38949050-4FEE-47FE-ABC9-DD82F37534E9}"
EndProject
Global
	GlobalSection(SolutionConfigurationPlatforms) = preSolution
		Debug|Any CPU = Debug|Any CPU
		Release|Any CPU = Release|Any CPU
	EndGlobalSection
	GlobalSection(ProjectConfigurationPlatforms) = postSolution
		{38949050-4FEE-47FE-ABC9-DD82F37534E9}.Debug|Any CPU.ActiveCfg = Debug|Any CPU
		{38949050-4FEE-47FE-ABC9-DD82F37534E9}.Debug|Any CPU.Build.0 = Debug|Any CPU
		{38949050-4FEE-47FE-ABC9-DD82F37534E9}.Release|Any CPU.ActiveCfg = Release|Any CPU
		{38949050-4FEE-47FE-ABC9-DD82F37534E9}.Release|Any CPU.Build.0 = Release|Any CPU
	EndGlobalSection
	GlobalSection(SolutionProperties) = preSolution
		HideSolutionNode = FALSE
	EndGlobalSection
	GlobalSection(ExtensibilityGlobals) = postSolution
		SolutionGuid = {CED9BA1A-2FDD-45BB-B8E9-0C98D914EC0B}
	EndGlobalSection
EndGlobal
